
Microsoft Visual Studio Solution File, Format Version 12.00
# Visual Studio Version 17
VisualStudioVersion = 17.9.34723.18
MinimumVisualStudioVersion = 10.0.40219.1
Project("{FAE04EC0-301F-11D3-BF4B-00C04F79EFBC}") = "openfiledialog_picturebox", "openfiledialog_picturebox\openfiledialog_picturebox.csproj", "{D5A1C059-8EEB-4915-A22F-041DA08AEAEE}"
EndProject
Global
	GlobalSection(SolutionConfigurationPlatforms) = preSolution
		Debug|Any CPU = Debug|Any CPU
		Release|Any CPU = Release|Any CPU
	EndGlobalSection
	GlobalSection(ProjectConfigurationPlatforms) = postSolution
		{D5A1C059-8EEB-4915-A22F-041DA08AEAEE}.Debug|Any CPU.ActiveCfg = Debug|Any CPU
		{D5A1C059-8EEB-4915-A22F-041DA08AEAEE}.Debug|Any CPU.Build.0 = Debug|Any CPU
		{D5A1C059-8EEB-4915-A22F-041DA08AEAEE}.Release|Any CPU.ActiveCfg = Release|Any CPU
		{D5A1C059-8EEB-4915-A22F-041DA08AEAEE}.Release|Any CPU.Build.0 = Release|Any CPU
	EndGlobalSection
	GlobalSection(SolutionProperties) = preSolution
		HideSolutionNode = FALSE
	EndGlobalSection
	GlobalSection(ExtensibilityGlobals) = postSolution
		SolutionGuid = {2445268B-9CB7-41F5-9ECC-C646C176A2D3}
	EndGlobalSection
EndGlobal
